
Microsoft Visual Studio Solution File, Format Version 12.00
# Visual Studio Version 16
VisualStudioVersion = 16.0.32002.261
MinimumVisualStudioVersion = 10.0.40219.1
Project("{9A19103F-16F7-4668-BE54-9A1E7A4F7556}") = "Geometry.Core", "Geometry.Core\Geometry.Core.csproj", "{E9ED70FB-D1EF-483C-B34B-0C29C13424B8}"
EndProject
Project("{FAE04EC0-301F-11D3-BF4B-00C04F79EFBC}") = "Geometry.App", "Geometry.App\Geometry.App.csproj", "{9A989C2A-C2C8-459D-B6FD-E87E12A3F590}"
EndProject
Global
	GlobalSection(SolutionConfigurationPlatforms) = preSolution
		Debug|Any CPU = Debug|Any CPU
		Release|Any CPU = Release|Any CPU
	EndGlobalSection
	GlobalSection(ProjectConfigurationPlatforms) = postSolution
		{E9ED70FB-D1EF-483C-B34B-0C29C13424B8}.Debug|Any CPU.ActiveCfg = Debug|Any CPU
		{E9ED70FB-D1EF-483C-B34B-0C29C13424B8}.Debug|Any CPU.Build.0 = Debug|Any CPU
		{E9ED70FB-D1EF-483C-B34B-0C29C13424B8}.Release|Any CPU.ActiveCfg = Release|Any CPU
		{E9ED70FB-D1EF-483C-B34B-0C29C13424B8}.Release|Any CPU.Build.0 = Release|Any CPU
		{9A989C2A-C2C8-459D-B6FD-E87E12A3F590}.Debug|Any CPU.ActiveCfg = Debug|Any CPU
		{9A989C2A-C2C8-459D-B6FD-E87E12A3F590}.Debug|Any CPU.Build.0 = Debug|Any CPU
		{9A989C2A-C2C8-459D-B6FD-E87E12A3F590}.Release|Any CPU.ActiveCfg = Release|Any CPU
		{9A989C2A-C2C8-459D-B6FD-E87E12A3F590}.Release|Any CPU.Build.0 = Release|Any CPU
	EndGlobalSection
	GlobalSection(SolutionProperties) = preSolution
		HideSolutionNode = FALSE
	EndGlobalSection
	GlobalSection(ExtensibilityGlobals) = postSolution
		SolutionGuid = {95A96E2E-C95F-464D-B0E2-1D59AF2800D8}
	EndGlobalSection
EndGlobal
